{
  "requires": true,
  "lockfileVersion": 1,
  "dependencies": {
    "@ngrx/core": {
      "version": "1.2.0",
      "resolved": "https://registry.npmjs.org/@ngrx/core/-/core-1.2.0.tgz",
      "integrity": "sha1-iCtGq6+i4ObYh8txobLC+j5tDcY="
    },
    "@ngrx/effects": {
      "version": "10.0.0",
      "resolved": "https://registry.npmjs.org/@ngrx/effects/-/effects-10.0.0.tgz",
      "integrity": "sha512-HHcQQ6mj1Cd0rQgnX5Wp3f7G8PKhh+Rk+jofsOsE6aHQPuuNhmnDwSA1U4PT4sXNv6JmFi5GjUqBz+tuw83oFQ==",
      "requires": {
        "tslib": "^2.0.0"
      }
    },
    "@ngrx/router-store": {
      "version": "10.0.0",
      "resolved": "https://registry.npmjs.org/@ngrx/router-store/-/router-store-10.0.0.tgz",
      "integrity": "sha512-naK+IlgTQNEWWlKndQIBS/EQZ2h3pRF4owF+4kVpn+OI5Il7+Nugf0spj+0IFGd21Z7YvBe9C54SQPOPP4HARg==",
      "requires": {
        "tslib": "^2.0.0"
      }
    },
    "@ngrx/store": {
      "version": "10.0.0",
      "resolved": "https://registry.npmjs.org/@ngrx/store/-/store-10.0.0.tgz",
      "integrity": "sha512-+mhTGJXjc+55KI1pWV5SSuP+JBAr35U1AbnBYJqqXuwJVXnJ8+n6gAr06qpPN+YMf+zRQDFwAIrqyFOfMqeJHg==",
      "requires": {
        "tslib": "^2.0.0"
      }
    },
    "@ngrx/store-devtools": {
      "version": "10.0.0",
      "resolved": "https://registry.npmjs.org/@ngrx/store-devtools/-/store-devtools-10.0.0.tgz",
      "integrity": "sha512-+7SSPW9H+IdGX04QYmfgqYOeFM++PLD6CxGRUkIIc+6jFovanMS6CVKw6V+WeerPwoZaRn43cMIDj9FChMQ4oA==",
      "requires": {
        "tslib": "^2.0.0"
      }
    },
    "tslib": {
      "version": "2.0.1",
      "resolved": "https://registry.npmjs.org/tslib/-/tslib-2.0.1.tgz",
      "integrity": "sha512-SgIkNheinmEBgx1IUNirK0TUD4X9yjjBRTqqjggWCU3pUEqIk3/Uwl3yRixYKT6WjQuGiwDv4NomL3wqRCj+CQ=="
    }
  }
}
